{
  "name": "react-my-games-svc",
  "version": "1.0.0",
  "lockfileVersion": 1,
  "requires": true,
  "dependencies": {
    "async": {
      "version": "2.1.4",
      "resolved": "https://registry.npmjs.org/async/-/async-2.1.4.tgz",
      "integrity": "sha1-LSFgx3iAMuTdbL4lAvH5osj2zeQ=",
      "requires": {
        "lodash": "4.17.4"
      }
    },
    "base64url": {
      "version": "2.0.0",
      "resolved": "https://registry.npmjs.org/base64url/-/base64url-2.0.0.tgz",
      "integrity": "sha1-6sFuA+oUOO/5Qj1puqNiYu0fcLs="
    },
    "bluebird": {
      "version": "3.5.0",
      "resolved": "https://registry.npmjs.org/bluebird/-/bluebird-3.5.0.tgz",
      "integrity": "sha1-eRQg1/VR7qKJdFOop3ZT+WYG1nw="
    },
    "bson": {
      "version": "1.0.4",
      "resolved": "https://registry.npmjs.org/bson/-/bson-1.0.4.tgz",
      "integrity": "sha1-k8ENOeqltYQVy8QFLz5T5WKwtyw="
    },
    "buffer-equal-constant-time": {
      "version": "1.0.1",
      "resolved": "https://registry.npmjs.org/buffer-equal-constant-time/-/buffer-equal-constant-time-1.0.1.tgz",
      "integrity": "sha1-+OcRMvf/5uAaXJaXpMbz5I1cyBk="
    },
    "cookie": {
      "version": "0.3.1",
      "resolved": "https://registry.npmjs.org/cookie/-/cookie-0.3.1.tgz",
      "integrity": "sha1-5+Ch+e9DtMi6klxcWpboBtFoc7s="
    },
    "debug": {
      "version": "2.6.9",
      "resolved": "https://registry.npmjs.org/debug/-/debug-2.6.9.tgz",
      "integrity": "sha512-bC7ElrdJaJnPbAP+1EotYvqZsb3ecl5wi6Bfi6BJTUcNowp6cvspg0jXznRTKDjm/E7AdgFBVeAPVMNcKGsHMA==",
      "requires": {
        "ms": "2.0.0"
      },
      "dependencies": {
        "ms": {
          "version": "2.0.0",
          "resolved": "https://registry.npmjs.org/ms/-/ms-2.0.0.tgz",
          "integrity": "sha1-VgiurfwAvmwpAd9fmGF4jeDVl8g="
        }
      }
    },
    "ecdsa-sig-formatter": {
      "version": "1.0.9",
      "resolved": "https://registry.npmjs.org/ecdsa-sig-formatter/-/ecdsa-sig-formatter-1.0.9.tgz",
      "integrity": "sha1-S8kmJ07Dtau1AW5+HWCSGsJisqE=",
      "requires": {
        "base64url": "2.0.0",
        "safe-buffer": "5.1.1"
      }
    },
    "hapi": {
      "version": "16.6.2",
      "resolved": "https://registry.npmjs.org/hapi/-/hapi-16.6.2.tgz",
      "integrity": "sha512-DBeIsge8nn3rBSFGX/btOwwkkVIMTuWHIkkiWtRAq8IHxhBfmVSewPm4BprU50PQjncQFw44JTN77l/pMKVHlA==",
      "requires": {
        "accept": "2.1.4",
        "ammo": "2.0.4",
        "boom": "5.2.0",
        "call": "4.0.2",
        "catbox": "7.1.5",
        "catbox-memory": "2.0.4",
        "cryptiles": "3.1.2",
        "heavy": "4.0.4",
        "hoek": "4.2.0",
        "iron": "4.0.5",
        "items": "2.1.1",
        "joi": "11.4.0",
        "mimos": "3.0.3",
        "podium": "1.3.0",
        "shot": "3.4.2",
        "statehood": "5.0.3",
        "subtext": "5.0.0",
        "topo": "2.0.2"
      },
      "dependencies": {
        "accept": {
          "version": "2.1.4",
          "resolved": "https://registry.npmjs.org/accept/-/accept-2.1.4.tgz",
          "integrity": "sha1-iHr1TO7lx/RDBGGXHsQAxh0JrLs=",
          "requires": {
            "boom": "5.2.0",
            "hoek": "4.2.0"
          }
        },
        "ammo": {
          "version": "2.0.4",
          "resolved": "https://registry.npmjs.org/ammo/-/ammo-2.0.4.tgz",
          "integrity": "sha1-v4CqshFpjqePY+9efxE91dnokX8=",
          "requires": {
            "boom": "5.2.0",
            "hoek": "4.2.0"
          }
        },
        "b64": {
          "version": "3.0.3",
          "resolved": "https://registry.npmjs.org/b64/-/b64-3.0.3.tgz",
          "integrity": "sha512-Pbeh0i6OLubPJdIdCepn8ZQHwN2MWznZHbHABSTEfQ706ie+yuxNSaPdqX1xRatT6WanaS1EazMiSg0NUW2XxQ=="
        },
        "boom": {
          "version": "5.2.0",
          "resolved": "https://registry.npmjs.org/boom/-/boom-5.2.0.tgz",
          "integrity": "sha512-Z5BTk6ZRe4tXXQlkqftmsAUANpXmuwlsF5Oov8ThoMbQRzdGTA1ngYRW160GexgOgjsFOKJz0LYhoNi+2AMBUw==",
          "requires": {
            "hoek": "4.2.0"
          }
        },
        "call": {
          "version": "4.0.2",
          "resolved": "https://registry.npmjs.org/call/-/call-4.0.2.tgz",
          "integrity": "sha1-33b19R7o3Ui4VqyEAPfmnm1zmcQ=",
          "requires": {
            "boom": "5.2.0",
            "hoek": "4.2.0"
          }
        },
        "catbox": {
          "version": "7.1.5",
          "resolved": "https://registry.npmjs.org/catbox/-/catbox-7.1.5.tgz",
          "integrity": "sha512-4fui5lELzqZ+9cnaAP/BcqXTH6LvWLBRtFhJ0I4FfgfXiSaZcf6k9m9dqOyChiTxNYtvLk7ZMYSf7ahMq3bf5A==",
          "requires": {
            "boom": "5.2.0",
            "hoek": "4.2.0",
            "joi": "10.6.0"
          },
          "dependencies": {
            "joi": {
              "version": "10.6.0",
              "resolved": "https://registry.npmjs.org/joi/-/joi-10.6.0.tgz",
              "integrity": "sha512-hBF3LcqyAid+9X/pwg+eXjD2QBZI5eXnBFJYaAkH4SK3mp9QSRiiQnDYlmlz5pccMvnLcJRS4whhDOTCkmsAdQ==",
              "requires": {
                "hoek": "4.2.0",
                "isemail": "2.2.1",
                "items": "2.1.1",
                "topo": "2.0.2"
              }
            }
          }
        },
        "catbox-memory": {
          "version": "2.0.4",
          "resolved": "https://registry.npmjs.org/catbox-memory/-/catbox-memory-2.0.4.tgz",
          "integrity": "sha1-Qz4lWQLK9UIz0ShkKcj03xToItU=",
          "requires": {
            "hoek": "4.2.0"
          }
        },
        "content": {
          "version": "3.0.6",
          "resolved": "https://registry.npmjs.org/content/-/content-3.0.6.tgz",
          "integrity": "sha512-tyl3fRp8jOHsQR0X9vrIy0mKQccv0tA9/RlvLl514eA7vHOJr/TnmMTpgQjInwbeW9IOQVy0OECGAuQNUa0nnQ==",
          "requires": {
            "boom": "5.2.0"
          }
        },
        "cryptiles": {
          "version": "3.1.2",
          "resolved": "https://registry.npmjs.org/cryptiles/-/cryptiles-3.1.2.tgz",
          "integrity": "sha1-qJ+7Ig9c4l7FboxKqKT9e1sNKf4=",
          "requires": {
            "boom": "5.2.0"
          }
        },
        "heavy": {
          "version": "4.0.4",
          "resolved": "https://registry.npmjs.org/heavy/-/heavy-4.0.4.tgz",
          "integrity": "sha1-NskTNsAMz+hSyqTRUwhjNc0vAOk=",
          "requires": {
            "boom": "5.2.0",
            "hoek": "4.2.0",
            "joi": "10.6.0"
          },
          "dependencies": {
            "joi": {
              "version": "10.6.0",
              "resolved": "https://registry.npmjs.org/joi/-/joi-10.6.0.tgz",
              "integrity": "sha512-hBF3LcqyAid+9X/pwg+eXjD2QBZI5eXnBFJYaAkH4SK3mp9QSRiiQnDYlmlz5pccMvnLcJRS4whhDOTCkmsAdQ==",
              "requires": {
                "hoek": "4.2.0",
                "isemail": "2.2.1",
                "items": "2.1.1",
                "topo": "2.0.2"
              }
            }
          }
        },
        "hoek": {
          "version": "4.2.0",
          "resolved": "https://registry.npmjs.org/hoek/-/hoek-4.2.0.tgz",
          "integrity": "sha512-v0XCLxICi9nPfYrS9RL8HbYnXi9obYAeLbSP00BmnZwCK9+Ih9WOjoZ8YoHCoav2csqn4FOz4Orldsy2dmDwmQ=="
        },
        "iron": {
          "version": "4.0.5",
          "resolved": "https://registry.npmjs.org/iron/-/iron-4.0.5.tgz",
          "integrity": "sha1-TwQszri5c480a1mqc0yDqJvDFCg=",
          "requires": {
            "boom": "5.2.0",
            "cryptiles": "3.1.2",
            "hoek": "4.2.0"
          }
        },
        "isemail": {
          "version": "2.2.1",
          "resolved": "https://registry.npmjs.org/isemail/-/isemail-2.2.1.tgz",
          "integrity": "sha1-A1PT2aYpUQgMJiwqoKQrjqjp4qY="
        },
        "joi": {
          "version": "11.4.0",
          "resolved": "https://registry.npmjs.org/joi/-/joi-11.4.0.tgz",
          "integrity": "sha512-O7Uw+w/zEWgbL6OcHbyACKSj0PkQeUgmehdoXVSxt92QFCq4+1390Rwh5moI2K/OgC7D8RHRZqHZxT2husMJHA==",
          "requires": {
            "hoek": "4.2.0",
            "isemail": "3.1.0",
            "topo": "2.0.2"
          },
          "dependencies": {
            "isemail": {
              "version": "3.1.0",
              "resolved": "https://registry.npmjs.org/isemail/-/isemail-3.1.0.tgz",
              "integrity": "sha512-Ke15MBbbhyIhZzWheiWuRlTO81tTH4RQvrbJFpVzJce8oyVrCVSDdrcw4TcyMsaS/fMGJSbU3lTsqCGDKwrzww==",
              "requires": {
                "punycode": "2.1.0"
              }
            }
          }
        },
        "mimos": {
          "version": "3.0.3",
          "resolved": "https://registry.npmjs.org/mimos/-/mimos-3.0.3.tgz",
          "integrity": "sha1-uRCQcq03jCty9qAQHEPd+ys2ZB8=",
          "requires": {
            "hoek": "4.2.0",
            "mime-db": "1.32.0"
          }
        },
        "nigel": {
          "version": "2.0.2",
          "resolved": "https://registry.npmjs.org/nigel/-/nigel-2.0.2.tgz",
          "integrity": "sha1-k6GGb7DFLYc5CqdeKxYfS1x15bE=",
          "requires": {
            "hoek": "4.2.0",
            "vise": "2.0.2"
          }
        },
        "pez": {
          "version": "2.1.5",
          "resolved": "https://registry.npmjs.org/pez/-/pez-2.1.5.tgz",
          "integrity": "sha1-XsLMYlAMw+tCNtSkFM9aF7XrUAc=",
          "requires": {
            "b64": "3.0.3",
            "boom": "5.2.0",
            "content": "3.0.6",
            "hoek": "4.2.0",
            "nigel": "2.0.2"
          }
        },
        "podium": {
          "version": "1.3.0",
          "resolved": "https://registry.npmjs.org/podium/-/podium-1.3.0.tgz",
          "integrity": "sha512-ZIujqk1pv8bRZNVxwwwq0BhXilZ2udycQT3Kp8ah3f3TcTmVg7ILJsv/oLf47gRa2qeiP584lNq+pfvS9U3aow==",
          "requires": {
            "hoek": "4.2.0",
            "items": "2.1.1",
            "joi": "10.6.0"
          },
          "dependencies": {
            "joi": {
              "version": "10.6.0",
              "resolved": "https://registry.npmjs.org/joi/-/joi-10.6.0.tgz",
              "integrity": "sha512-hBF3LcqyAid+9X/pwg+eXjD2QBZI5eXnBFJYaAkH4SK3mp9QSRiiQnDYlmlz5pccMvnLcJRS4whhDOTCkmsAdQ==",
              "requires": {
                "hoek": "4.2.0",
                "isemail": "2.2.1",
                "items": "2.1.1",
                "topo": "2.0.2"
              }
            }
          }
        },
        "shot": {
          "version": "3.4.2",
          "resolved": "https://registry.npmjs.org/shot/-/shot-3.4.2.tgz",
          "integrity": "sha1-Hlw/bysmZJrcQvfrNQIUpaApHWc=",
          "requires": {
            "hoek": "4.2.0",
            "joi": "10.6.0"
          },
          "dependencies": {
            "joi": {
              "version": "10.6.0",
              "resolved": "https://registry.npmjs.org/joi/-/joi-10.6.0.tgz",
              "integrity": "sha512-hBF3LcqyAid+9X/pwg+eXjD2QBZI5eXnBFJYaAkH4SK3mp9QSRiiQnDYlmlz5pccMvnLcJRS4whhDOTCkmsAdQ==",
              "requires": {
                "hoek": "4.2.0",
                "isemail": "2.2.1",
                "items": "2.1.1",
                "topo": "2.0.2"
              }
            }
          }
        },
        "statehood": {
          "version": "5.0.3",
          "resolved": "https://registry.npmjs.org/statehood/-/statehood-5.0.3.tgz",
          "integrity": "sha512-YrPrCt10t3ImH/JMO5szSwX7sCm8HoqVl3VFLOa9EZ1g/qJx/ZmMhN+2uzPPB/vaU6hpkJpXxcBWsgIkkG+MXA==",
          "requires": {
            "boom": "5.2.0",
            "cryptiles": "3.1.2",
            "hoek": "4.2.0",
            "iron": "4.0.5",
            "items": "2.1.1",
            "joi": "10.6.0"
          },
          "dependencies": {
            "joi": {
              "version": "10.6.0",
              "resolved": "https://registry.npmjs.org/joi/-/joi-10.6.0.tgz",
              "integrity": "sha512-hBF3LcqyAid+9X/pwg+eXjD2QBZI5eXnBFJYaAkH4SK3mp9QSRiiQnDYlmlz5pccMvnLcJRS4whhDOTCkmsAdQ==",
              "requires": {
                "hoek": "4.2.0",
                "isemail": "2.2.1",
                "items": "2.1.1",
                "topo": "2.0.2"
              }
            }
          }
        },
        "subtext": {
          "version": "5.0.0",
          "resolved": "https://registry.npmjs.org/subtext/-/subtext-5.0.0.tgz",
          "integrity": "sha512-2nXG1G1V+K64Z20cQII7k0s38J2DSycMXBLMAk9RXUFG0uAkAbLSVoa88croX9VhTdBCJbLAe9g6LmzKwpJhhQ==",
          "requires": {
            "boom": "5.2.0",
            "content": "3.0.6",
            "hoek": "4.2.0",
            "pez": "2.1.5",
            "wreck": "12.5.1"
          }
        },
        "topo": {
          "version": "2.0.2",
          "resolved": "https://registry.npmjs.org/topo/-/topo-2.0.2.tgz",
          "integrity": "sha1-zVYVdSU5BXwNwEkaYhw7xvvh0YI=",
          "requires": {
            "hoek": "4.2.0"
          }
        },
        "vise": {
          "version": "2.0.2",
          "resolved": "https://registry.npmjs.org/vise/-/vise-2.0.2.tgz",
          "integrity": "sha1-awjo+0y3bjpQzW3Q7DczjoEaDTk=",
          "requires": {
            "hoek": "4.2.0"
          }
        },
        "wreck": {
          "version": "12.5.1",
          "resolved": "https://registry.npmjs.org/wreck/-/wreck-12.5.1.tgz",
          "integrity": "sha512-l5DUGrc+yDyIflpty1x9XuMj1ehVjC/dTbF3/BasOO77xk0EdEa4M/DuOY8W88MQDAD0fEDqyjc8bkIMHd2E9A==",
          "requires": {
            "boom": "5.2.0",
            "hoek": "4.2.0"
          }
        }
      }
    },
    "hapi-auth-jwt2": {
      "version": "7.4.1",
      "resolved": "https://registry.npmjs.org/hapi-auth-jwt2/-/hapi-auth-jwt2-7.4.1.tgz",
      "integrity": "sha1-n40NnaICq4aLEr/yIMk8fH7+ff0=",
      "requires": {
        "boom": "6.0.0",
        "cookie": "0.3.1",
        "jsonwebtoken": "8.1.1"
      },
      "dependencies": {
        "boom": {
          "version": "6.0.0",
          "resolved": "https://registry.npmjs.org/boom/-/boom-6.0.0.tgz",
          "integrity": "sha512-LYLa8BmiiOWjvxTMVh73lcZzd2E5yczrKvxAny1UuzO2tkarLrw4tdp3rdfmus3+YfKcZP0vRSM3Obh+fGK6eA==",
          "requires": {
            "hoek": "5.0.2"
          }
        }
      }
    },
    "hapi-boom-decorators": {
      "version": "3.0.1",
      "resolved": "https://registry.npmjs.org/hapi-boom-decorators/-/hapi-boom-decorators-3.0.1.tgz",
      "integrity": "sha1-Jkw7tdNSeBEmiM91jT6eLu0R2Yg=",
      "requires": {
        "boom": "5.1.0"
      },
      "dependencies": {
        "boom": {
          "version": "5.1.0",
          "resolved": "https://registry.npmjs.org/boom/-/boom-5.1.0.tgz",
          "integrity": "sha1-Awj6jpJM1tQtnDv0iDvcmPDnHfg=",
          "requires": {
            "hoek": "4.1.1"
          }
        },
        "hoek": {
          "version": "4.1.1",
          "resolved": "https://registry.npmjs.org/hoek/-/hoek-4.1.1.tgz",
          "integrity": "sha1-nMVz/7ore0CPtenCoTeWvpTN3Ok="
        }
      }
    },
    "hoek": {
      "version": "5.0.2",
      "resolved": "https://registry.npmjs.org/hoek/-/hoek-5.0.2.tgz",
      "integrity": "sha512-NA10UYP9ufCtY2qYGkZktcQXwVyYK4zK0gkaFSB96xhtlo6V8tKXdQgx8eHolQTRemaW0uLn8BhjhwqrOU+QLQ=="
    },
    "items": {
      "version": "2.1.1",
      "resolved": "https://registry.npmjs.org/items/-/items-2.1.1.tgz",
      "integrity": "sha1-i9FtnIOxlSneWuoyGsqtp4NkoZg="
    },
    "jsonwebtoken": {
      "version": "8.1.1",
      "resolved": "https://registry.npmjs.org/jsonwebtoken/-/jsonwebtoken-8.1.1.tgz",
      "integrity": "sha512-+ijVOtfLMlCII8LJkvabaKX3+8tGrGjiCTfzoed2D1b/ebKTO1hIYBQUJHbd9dJ9Fa4kH+dhYEd1qDwyzDLUUw==",
      "requires": {
        "jws": "3.1.4",
        "lodash.includes": "4.3.0",
        "lodash.isboolean": "3.0.3",
        "lodash.isinteger": "4.0.4",
        "lodash.isnumber": "3.0.3",
        "lodash.isplainobject": "4.0.6",
        "lodash.isstring": "4.0.1",
        "lodash.once": "4.1.1",
        "ms": "2.1.1",
        "xtend": "4.0.1"
      }
    },
    "jwa": {
      "version": "1.1.5",
      "resolved": "https://registry.npmjs.org/jwa/-/jwa-1.1.5.tgz",
      "integrity": "sha1-oFUs4CIHQs1S4VN3SjKQXDDnVuU=",
      "requires": {
        "base64url": "2.0.0",
        "buffer-equal-constant-time": "1.0.1",
        "ecdsa-sig-formatter": "1.0.9",
        "safe-buffer": "5.1.1"
      }
    },
    "jws": {
      "version": "3.1.4",
      "resolved": "https://registry.npmjs.org/jws/-/jws-3.1.4.tgz",
      "integrity": "sha1-+ei5M46KhHJ31kRLFGT2GIDgUKI=",
      "requires": {
        "base64url": "2.0.0",
        "jwa": "1.1.5",
        "safe-buffer": "5.1.1"
      }
    },
    "kareem": {
      "version": "2.0.2",
      "resolved": "https://registry.npmjs.org/kareem/-/kareem-2.0.2.tgz",
      "integrity": "sha512-rWKAGwHPFujnw+eOqmMZWTDgbuUrUXRWH9H1zfY49UmNRACgT6czqQujZHvn1g9NS9LozkYwlob6IpgoKsJcCA=="
    },
    "lodash": {
      "version": "4.17.4",
      "resolved": "https://registry.npmjs.org/lodash/-/lodash-4.17.4.tgz",
      "integrity": "sha1-eCA6TRwyiuHYbcpkYONptX9AVa4="
    },
    "lodash.get": {
      "version": "4.4.2",
      "resolved": "https://registry.npmjs.org/lodash.get/-/lodash.get-4.4.2.tgz",
      "integrity": "sha1-LRd/ZS+jHpObRDjVNBSZ36OCXpk="
    },
    "lodash.includes": {
      "version": "4.3.0",
      "resolved": "https://registry.npmjs.org/lodash.includes/-/lodash.includes-4.3.0.tgz",
      "integrity": "sha1-YLuYqHy5I8aMoeUTJUgzFISfVT8="
    },
    "lodash.isboolean": {
      "version": "3.0.3",
      "resolved": "https://registry.npmjs.org/lodash.isboolean/-/lodash.isboolean-3.0.3.tgz",
      "integrity": "sha1-bC4XHbKiV82WgC/UOwGyDV9YcPY="
    },
    "lodash.isinteger": {
      "version": "4.0.4",
      "resolved": "https://registry.npmjs.org/lodash.isinteger/-/lodash.isinteger-4.0.4.tgz",
      "integrity": "sha1-YZwK89A/iwTDH1iChAt3sRzWg0M="
    },
    "lodash.isnumber": {
      "version": "3.0.3",
      "resolved": "https://registry.npmjs.org/lodash.isnumber/-/lodash.isnumber-3.0.3.tgz",
      "integrity": "sha1-POdoEMWSjQM1IwGsKHMX8RwLH/w="
    },
    "lodash.isplainobject": {
      "version": "4.0.6",
      "resolved": "https://registry.npmjs.org/lodash.isplainobject/-/lodash.isplainobject-4.0.6.tgz",
      "integrity": "sha1-fFJqUtibRcRcxpC4gWO+BJf1UMs="
    },
    "lodash.isstring": {
      "version": "4.0.1",
      "resolved": "https://registry.npmjs.org/lodash.isstring/-/lodash.isstring-4.0.1.tgz",
      "integrity": "sha1-1SfftUVuynzJu5XV2ur4i6VKVFE="
    },
    "lodash.once": {
      "version": "4.1.1",
      "resolved": "https://registry.npmjs.org/lodash.once/-/lodash.once-4.1.1.tgz",
      "integrity": "sha1-DdOXEhPHxW34gJd9UEyI+0cal6w="
    },
    "mime-db": {
      "version": "1.32.0",
      "resolved": "https://registry.npmjs.org/mime-db/-/mime-db-1.32.0.tgz",
      "integrity": "sha512-+ZWo/xZN40Tt6S+HyakUxnSOgff+JEdaneLWIm0Z6LmpCn5DMcZntLyUY5c/rTDog28LhXLKOUZKoTxTCAdBVw=="
    },
    "mongodb": {
      "version": "3.0.1",
      "resolved": "https://registry.npmjs.org/mongodb/-/mongodb-3.0.1.tgz",
      "integrity": "sha1-J47oAGJX7CJ5hZSmJZVGgl1t4bI=",
      "requires": {
        "mongodb-core": "3.0.1"
      }
    },
    "mongodb-core": {
      "version": "3.0.1",
      "resolved": "https://registry.npmjs.org/mongodb-core/-/mongodb-core-3.0.1.tgz",
      "integrity": "sha1-/23Dbulv9ZaVPYCmhA1nMbyS7+0=",
      "requires": {
        "bson": "1.0.4",
        "require_optional": "1.0.1"
      }
    },
    "mongoose": {
      "version": "5.0.2",
      "resolved": "https://registry.npmjs.org/mongoose/-/mongoose-5.0.2.tgz",
      "integrity": "sha512-kISnFdgUpptzkzIZno+V0WMG2gsetK6C0qXM/m19ciCU/OAYG7sDkIWClU4OsHLjPfm+9HuUlmxx9g44X6p/xg==",
      "requires": {
        "async": "2.1.4",
        "bson": "1.0.4",
        "kareem": "2.0.2",
        "lodash.get": "4.4.2",
        "mongodb": "3.0.1",
        "mongoose-legacy-pluralize": "1.0.1",
        "mpath": "0.3.0",
        "mquery": "3.0.0",
        "ms": "2.0.0",
        "regexp-clone": "0.0.1",
        "sliced": "1.0.1"
      },
      "dependencies": {
        "ms": {
          "version": "2.0.0",
          "resolved": "https://registry.npmjs.org/ms/-/ms-2.0.0.tgz",
          "integrity": "sha1-VgiurfwAvmwpAd9fmGF4jeDVl8g="
        }
      }
    },
    "mongoose-legacy-pluralize": {
      "version": "1.0.1",
      "resolved": "https://registry.npmjs.org/mongoose-legacy-pluralize/-/mongoose-legacy-pluralize-1.0.1.tgz",
      "integrity": "sha512-X5/N3sNj1p+y7Bg1vouQdST1vkInEzNAwqVjfDpNrhnugih2p2rV7jLrrb71sbQUPMJPm0Hhe6rH5fQV1Ve4XQ=="
    },
    "mpath": {
      "version": "0.3.0",
      "resolved": "https://registry.npmjs.org/mpath/-/mpath-0.3.0.tgz",
      "integrity": "sha1-elj3iem1/TyUUgY0FXlg8mvV70Q="
    },
    "mquery": {
      "version": "3.0.0",
      "resolved": "https://registry.npmjs.org/mquery/-/mquery-3.0.0.tgz",
      "integrity": "sha512-WL1Lk8v4l8VFSSwN3yCzY9TXw+fKVYKn6f+w86TRzOLSE8k1yTgGaLBPUByJQi8VcLbOdnUneFV/y3Kv874pnQ==",
      "requires": {
        "bluebird": "3.5.0",
        "debug": "2.6.9",
        "regexp-clone": "0.0.1",
        "sliced": "0.0.5"
      },
      "dependencies": {
        "sliced": {
          "version": "0.0.5",
          "resolved": "https://registry.npmjs.org/sliced/-/sliced-0.0.5.tgz",
          "integrity": "sha1-XtwETKTrb3gW1Qui/GPiXY/kcH8="
        }
      }
    },
    "ms": {
      "version": "2.1.1",
      "resolved": "https://registry.npmjs.org/ms/-/ms-2.1.1.tgz",
      "integrity": "sha512-tgp+dl5cGk28utYktBsrFqA7HKgrhgPsg6Z/EfhWI4gl1Hwq8B/GmY/0oXZ6nF8hDVesS/FpnYaD/kOWhYQvyg=="
    },
    "password-hash": {
      "version": "1.2.2",
      "resolved": "https://registry.npmjs.org/password-hash/-/password-hash-1.2.2.tgz",
      "integrity": "sha1-O0UfAU3ksuHr+g5Uk7lRexBjrx0="
    },
    "punycode": {
      "version": "2.1.0",
      "resolved": "https://registry.npmjs.org/punycode/-/punycode-2.1.0.tgz",
      "integrity": "sha1-X4Y+3Im5bbCQdLrXlHvwkFbKTn0="
    },
    "regexp-clone": {
      "version": "0.0.1",
      "resolved": "https://registry.npmjs.org/regexp-clone/-/regexp-clone-0.0.1.tgz",
      "integrity": "sha1-p8LgmJH9vzj7sQ03b7cwA+aKxYk="
    },
    "require_optional": {
      "version": "1.0.1",
      "resolved": "https://registry.npmjs.org/require_optional/-/require_optional-1.0.1.tgz",
      "integrity": "sha512-qhM/y57enGWHAe3v/NcwML6a3/vfESLe/sGM2dII+gEO0BpKRUkWZow/tyloNqJyN6kXSl3RyyM8Ll5D/sJP8g==",
      "requires": {
        "resolve-from": "2.0.0",
        "semver": "5.5.0"
      }
    },
    "resolve-from": {
      "version": "2.0.0",
      "resolved": "https://registry.npmjs.org/resolve-from/-/resolve-from-2.0.0.tgz",
      "integrity": "sha1-lICrIOlP+h2egKgEx+oUdhGWa1c="
    },
    "safe-buffer": {
      "version": "5.1.1",
      "resolved": "https://registry.npmjs.org/safe-buffer/-/safe-buffer-5.1.1.tgz",
      "integrity": "sha512-kKvNJn6Mm93gAczWVJg7wH+wGYWNrDHdWvpUmHyEsgCtIwwo3bqPtV4tR5tuPaUhTOo/kvhVwd8XwwOllGYkbg=="
    },
    "semver": {
      "version": "5.5.0",
      "resolved": "https://registry.npmjs.org/semver/-/semver-5.5.0.tgz",
      "integrity": "sha512-4SJ3dm0WAwWy/NVeioZh5AntkdJoWKxHxcmyP622fOkgHa4z3R0TdBJICINyaSDE6uNwVc8gZr+ZinwZAH4xIA=="
    },
    "sliced": {
      "version": "1.0.1",
      "resolved": "https://registry.npmjs.org/sliced/-/sliced-1.0.1.tgz",
      "integrity": "sha1-CzpmK10Ewxd7GSa+qCsD+Dei70E="
    },
    "uuid": {
      "version": "3.2.1",
      "resolved": "https://registry.npmjs.org/uuid/-/uuid-3.2.1.tgz",
      "integrity": "sha512-jZnMwlb9Iku/O3smGWvZhauCf6cvvpKi4BKRiliS3cxnI+Gz9j5MEpTz2UFuXiKPJocb7gnsLHwiS05ige5BEA=="
    },
    "xtend": {
      "version": "4.0.1",
      "resolved": "https://registry.npmjs.org/xtend/-/xtend-4.0.1.tgz",
      "integrity": "sha1-pcbVMr5lbiPbgg77lDofBJmNY68="
    }
  }
}
